
Microsoft Visual Studio Solution File, Format Version 12.00
# Visual Studio Version 16
VisualStudioVersion = 16.0.31025.194
MinimumVisualStudioVersion = 10.0.40219.1
Project("{8BC9CEB8-8B4A-11D0-8D11-00A0C91BC942}") = "HelloSocket", "HelloSocket\HelloSocket.vcxproj", "{1BAEFD5A-AF91-43E0-B0FA-64FAB6F56191}"
EndProject
Project("{8BC9CEB8-8B4A-11D0-8D11-00A0C91BC942}") = "EasyTcpServer", "EasyTcpServer\EasyTcpServer.vcxproj", "{31A3DDEE-C45A-46EB-82A9-212E2D6BD8BF}"
EndProject
Project("{8BC9CEB8-8B4A-11D0-8D11-00A0C91BC942}") = "EasyTcpClient", "EasyTcpClient\EasyTcpClient.vcxproj", "{65286BB6-EAE9-4F79-B463-ED5DE6BCDC3C}"
EndProject
Global
	GlobalSection(SolutionConfigurationPlatforms) = preSolution
		Debug|x64 = Debug|x64
		Debug|x86 = Debug|x86
		Release|x64 = Release|x64
		Release|x86 = Release|x86
	EndGlobalSection
	GlobalSection(ProjectConfigurationPlatforms) = postSolution
		{1BAEFD5A-AF91-43E0-B0FA-64FAB6F56191}.Debug|x64.ActiveCfg = Debug|x64
		{1BAEFD5A-AF91-43E0-B0FA-64FAB6F56191}.Debug|x64.Build.0 = Debug|x64
		{1BAEFD5A-AF91-43E0-B0FA-64FAB6F56191}.Debug|x86.ActiveCfg = Debug|Win32
		{1BAEFD5A-AF91-43E0-B0FA-64FAB6F56191}.Debug|x86.Build.0 = Debug|Win32
		{1BAEFD5A-AF91-43E0-B0FA-64FAB6F56191}.Release|x64.ActiveCfg = Release|x64
		{1BAEFD5A-AF91-43E0-B0FA-64FAB6F56191}.Release|x64.Build.0 = Release|x64
		{1BAEFD5A-AF91-43E0-B0FA-64FAB6F56191}.Release|x86.ActiveCfg = Release|Win32
		{1BAEFD5A-AF91-43E0-B0FA-64FAB6F56191}.Release|x86.Build.0 = Release|Win32
		{31A3DDEE-C45A-46EB-82A9-212E2D6BD8BF}.Debug|x64.ActiveCfg = Debug|x64
		{31A3DDEE-C45A-46EB-82A9-212E2D6BD8BF}.Debug|x64.Build.0 = Debug|x64
		{31A3DDEE-C45A-46EB-82A9-212E2D6BD8BF}.Debug|x86.ActiveCfg = Debug|Win32
		{31A3DDEE-C45A-46EB-82A9-212E2D6BD8BF}.Debug|x86.Build.0 = Debug|Win32
		{31A3DDEE-C45A-46EB-82A9-212E2D6BD8BF}.Release|x64.ActiveCfg = Release|x64
		{31A3DDEE-C45A-46EB-82A9-212E2D6BD8BF}.Release|x64.Build.0 = Release|x64
		{31A3DDEE-C45A-46EB-82A9-212E2D6BD8BF}.Release|x86.ActiveCfg = Release|Win32
		{31A3DDEE-C45A-46EB-82A9-212E2D6BD8BF}.Release|x86.Build.0 = Release|Win32
		{65286BB6-EAE9-4F79-B463-ED5DE6BCDC3C}.Debug|x64.ActiveCfg = Debug|x64
		{65286BB6-EAE9-4F79-B463-ED5DE6BCDC3C}.Debug|x64.Build.0 = Debug|x64
		{65286BB6-EAE9-4F79-B463-ED5DE6BCDC3C}.Debug|x86.ActiveCfg = Debug|Win32
		{65286BB6-EAE9-4F79-B463-ED5DE6BCDC3C}.Debug|x86.Build.0 = Debug|Win32
		{65286BB6-EAE9-4F79-B463-ED5DE6BCDC3C}.Release|x64.ActiveCfg = Release|x64
		{65286BB6-EAE9-4F79-B463-ED5DE6BCDC3C}.Release|x64.Build.0 = Release|x64
		{65286BB6-EAE9-4F79-B463-ED5DE6BCDC3C}.Release|x86.ActiveCfg = Release|Win32
		{65286BB6-EAE9-4F79-B463-ED5DE6BCDC3C}.Release|x86.Build.0 = Release|Win32
	EndGlobalSection
	GlobalSection(SolutionProperties) = preSolution
		HideSolutionNode = FALSE
	EndGlobalSection
	GlobalSection(ExtensibilityGlobals) = postSolution
		SolutionGuid = {60447729-57D3-41DE-A45D-03E95A49A773}
	EndGlobalSection
EndGlobal
